
Microsoft Visual Studio Solution File, Format Version 12.00
# Visual Studio Version 17
VisualStudioVersion = 17.4.32804.182
MinimumVisualStudioVersion = 10.0.40219.1
Project("{2150E333-8FDC-42A3-9474-1A3956D46DE8}") = "Solution Items", "Solution Items", "{A48BF927-E14D-4D44-A10F-6ADAB0A3C63B}"
	ProjectSection(SolutionItems) = preProject
		.editorconfig = .editorconfig
		.gitignore = .gitignore
		CONTRIBUTING.md = CONTRIBUTING.md
		Directory.Build.props = Directory.Build.props
		Global.ruleset = Global.ruleset
		LICENSE = LICENSE
		README.md = README.md
	EndProjectSection
EndProject
Project("{9A19103F-16F7-4668-BE54-9A1E7A4F7556}") = "Numbersome", "Numbersome\Numbersome.csproj", "{6245D7DE-D27D-4405-8075-F98D2CC94615}"
EndProject
Project("{9A19103F-16F7-4668-BE54-9A1E7A4F7556}") = "Documentation", "Documentation\Documentation.csproj", "{05956C4F-2D8E-4748-BFBE-F22ACD6BF591}"
EndProject
Project("{9A19103F-16F7-4668-BE54-9A1E7A4F7556}") = "Tests", "Tests\Tests.csproj", "{A3DF9196-99AB-46C4-95EC-FA3BD4C2BF82}"
EndProject
Project("{6EC3EE1D-3C4E-46DD-8F32-0CC8E7565705}") = "Tests.FSharp", "Tests.FSharp\Tests.FSharp.fsproj", "{9C5A2C8E-3F74-404A-8A76-DF2AC38E7028}"
EndProject
Project("{6EC3EE1D-3C4E-46DD-8F32-0CC8E7565705}") = "Numbersome.FSharp", "Numbersome.FSharp\Numbersome.FSharp.fsproj", "{18460A3E-B761-497F-96A1-2281469FB4CE}"
EndProject
Global
	GlobalSection(SolutionConfigurationPlatforms) = preSolution
		Debug|Any CPU = Debug|Any CPU
		Release|Any CPU = Release|Any CPU
	EndGlobalSection
	GlobalSection(ProjectConfigurationPlatforms) = postSolution
		{6245D7DE-D27D-4405-8075-F98D2CC94615}.Debug|Any CPU.ActiveCfg = Debug|Any CPU
		{6245D7DE-D27D-4405-8075-F98D2CC94615}.Debug|Any CPU.Build.0 = Debug|Any CPU
		{6245D7DE-D27D-4405-8075-F98D2CC94615}.Release|Any CPU.ActiveCfg = Release|Any CPU
		{6245D7DE-D27D-4405-8075-F98D2CC94615}.Release|Any CPU.Build.0 = Release|Any CPU
		{05956C4F-2D8E-4748-BFBE-F22ACD6BF591}.Debug|Any CPU.ActiveCfg = Debug|Any CPU
		{05956C4F-2D8E-4748-BFBE-F22ACD6BF591}.Debug|Any CPU.Build.0 = Debug|Any CPU
		{05956C4F-2D8E-4748-BFBE-F22ACD6BF591}.Release|Any CPU.ActiveCfg = Release|Any CPU
		{05956C4F-2D8E-4748-BFBE-F22ACD6BF591}.Release|Any CPU.Build.0 = Release|Any CPU
		{A3DF9196-99AB-46C4-95EC-FA3BD4C2BF82}.Debug|Any CPU.ActiveCfg = Debug|Any CPU
		{A3DF9196-99AB-46C4-95EC-FA3BD4C2BF82}.Debug|Any CPU.Build.0 = Debug|Any CPU
		{A3DF9196-99AB-46C4-95EC-FA3BD4C2BF82}.Release|Any CPU.ActiveCfg = Release|Any CPU
		{A3DF9196-99AB-46C4-95EC-FA3BD4C2BF82}.Release|Any CPU.Build.0 = Release|Any CPU
		{9C5A2C8E-3F74-404A-8A76-DF2AC38E7028}.Debug|Any CPU.ActiveCfg = Debug|Any CPU
		{9C5A2C8E-3F74-404A-8A76-DF2AC38E7028}.Debug|Any CPU.Build.0 = Debug|Any CPU
		{9C5A2C8E-3F74-404A-8A76-DF2AC38E7028}.Release|Any CPU.ActiveCfg = Release|Any CPU
		{9C5A2C8E-3F74-404A-8A76-DF2AC38E7028}.Release|Any CPU.Build.0 = Release|Any CPU
		{18460A3E-B761-497F-96A1-2281469FB4CE}.Debug|Any CPU.ActiveCfg = Debug|Any CPU
		{18460A3E-B761-497F-96A1-2281469FB4CE}.Debug|Any CPU.Build.0 = Debug|Any CPU
		{18460A3E-B761-497F-96A1-2281469FB4CE}.Release|Any CPU.ActiveCfg = Release|Any CPU
		{18460A3E-B761-497F-96A1-2281469FB4CE}.Release|Any CPU.Build.0 = Release|Any CPU
	EndGlobalSection
	GlobalSection(SolutionProperties) = preSolution
		HideSolutionNode = FALSE
	EndGlobalSection
	GlobalSection(ExtensibilityGlobals) = postSolution
		SolutionGuid = {8C45BCFD-A1A1-4499-9684-72DB50B083E2}
	EndGlobalSection
EndGlobal
